{
  "version": 4,
  "terraform_version": "1.7.0",
  "serial": 198,
  "lineage": "a1c718b0-4153-208e-f431-c4e81411c89b",
  "outputs": {},
  "resources": [
    {
      "mode": "data",
      "type": "openstack_identity_project_v3",
      "name": "admin_tenant",
      "provider": "provider[\"registry.terraform.io/terraform-provider-openstack/openstack\"]",
      "instances": [
        {
          "schema_version": 0,
          "attributes": {
            "description": "Created by Juju",
            "domain_id": "cdd57b31a111484a923620d50f9323a9",
            "enabled": true,
            "id": "8314f703110c4902a5154cd4659abc07",
            "is_domain": false,
            "name": "admin",
            "parent_id": "cdd57b31a111484a923620d50f9323a9",
            "project_id": "8314f703110c4902a5154cd4659abc07",
            "region": null,
            "tags": []
          },
          "sensitive_attributes": []
        }
      ]
    },
    {
      "mode": "data",
      "type": "openstack_identity_role_v3",
      "name": "admin_role",
      "provider": "provider[\"registry.terraform.io/terraform-provider-openstack/openstack\"]",
      "instances": [
        {
          "schema_version": 0,
          "attributes": {
            "domain_id": "",
            "id": "60b66f7d851a4c58a5e9b68796840f25",
            "name": "Admin",
            "region": "RegionOne"
          },
          "sensitive_attributes": []
        }
      ]
    },
    {
      "mode": "data",
      "type": "openstack_identity_role_v3",
      "name": "load_balancer_admin_role",
      "provider": "provider[\"registry.terraform.io/terraform-provider-openstack/openstack\"]",
      "instances": [
        {
          "schema_version": 0,
          "attributes": {
            "domain_id": "",
            "id": "5f9805229d9a4040afaddb706cf5d9dd",
            "name": "load-balancer_admin",
            "region": "RegionOne"
          },
          "sensitive_attributes": []
        }
      ]
    },
    {
      "mode": "data",
      "type": "openstack_identity_role_v3",
      "name": "member_role",
      "provider": "provider[\"registry.terraform.io/terraform-provider-openstack/openstack\"]",
      "instances": [
        {
          "schema_version": 0,
          "attributes": {
            "domain_id": "",
            "id": "c277fbc086a941539888b5de89940776",
            "name": "member",
            "region": "RegionOne"
          },
          "sensitive_attributes": []
        }
      ]
    },
    {
      "mode": "data",
      "type": "openstack_identity_role_v3",
      "name": "reader_role",
      "provider": "provider[\"registry.terraform.io/terraform-provider-openstack/openstack\"]",
      "instances": [
        {
          "schema_version": 0,
          "attributes": {
            "domain_id": "",
            "id": "0a21352a100d4f7d9d4f04396a8e7262",
            "name": "reader",
            "region": "RegionOne"
          },
          "sensitive_attributes": []
        }
      ]
    },
    {
      "mode": "data",
      "type": "openstack_networking_network_v2",
      "name": "provider_net",
      "provider": "provider[\"registry.terraform.io/terraform-provider-openstack/openstack\"]",
      "instances": [
        {
          "schema_version": 0,
          "attributes": {
            "admin_state_up": "true",
            "all_tags": [],
            "availability_zone_hints": [],
            "description": "",
            "dns_domain": "",
            "external": true,
            "id": "85f3153b-7f95-4a68-a835-62fed2f39aac",
            "matching_subnet_cidr": null,
            "mtu": 1422,
            "name": "ext-net",
            "network_id": null,
            "region": "RegionOne",
            "segments": [
              {
                "network_type": "flat",
                "physical_network": "physnet1",
                "segmentation_id": 0
              }
            ],
            "shared": "false",
            "status": null,
            "subnets": [
              "82709909-7d26-4444-90d1-3b6215394794"
            ],
            "tags": null,
            "tenant_id": "8314f703110c4902a5154cd4659abc07",
            "transparent_vlan": false
          },
          "sensitive_attributes": []
        }
      ]
    },
    {
      "mode": "managed",
      "type": "openstack_identity_group_v3",
      "name": "domain_admins_group",
      "provider": "provider[\"registry.terraform.io/terraform-provider-openstack/openstack\"]",
      "instances": [
        {
          "schema_version": 0,
          "attributes": {
            "description": "K8S Domain Admins group",
            "domain_id": "74ef4779cd6241e6bc767614290b70bd",
            "id": "4b25aa0e52114771a2186289c6c843ec",
            "name": "K8S Domain Admins",
            "region": "RegionOne"
          },
          "sensitive_attributes": [],
          "private": "bnVsbA==",
          "dependencies": [
            "openstack_identity_project_v3.sp_domain"
          ]
        }
      ]
    },
    {
      "mode": "managed",
      "type": "openstack_identity_project_v3",
      "name": "cos_tenant",
      "provider": "provider[\"registry.terraform.io/terraform-provider-openstack/openstack\"]",
      "instances": [
        {
          "schema_version": 0,
          "attributes": {
            "description": "Tenant for the Canonical Observability Stack",
            "domain_id": "74ef4779cd6241e6bc767614290b70bd",
            "enabled": true,
            "id": "424ca959e6e94c7caa1f6d2715485556",
            "is_domain": false,
            "name": "cos-customer-0",
            "parent_id": "74ef4779cd6241e6bc767614290b70bd",
            "region": "RegionOne",
            "tags": []
          },
          "sensitive_attributes": [],
          "private": "bnVsbA==",
          "dependencies": [
            "openstack_identity_project_v3.sp_domain"
          ]
        }
      ]
    },
    {
      "mode": "managed",
      "type": "openstack_identity_project_v3",
      "name": "juju_tenant",
      "provider": "provider[\"registry.terraform.io/terraform-provider-openstack/openstack\"]",
      "instances": [
        {
          "schema_version": 0,
          "attributes": {
            "description": "Tenant for the Canonical Observability Stack",
            "domain_id": "74ef4779cd6241e6bc767614290b70bd",
            "enabled": true,
            "id": "398bb5aa79bf4c7f88648c6dbdfa09d1",
            "is_domain": false,
            "name": "juju-customer-0",
            "parent_id": "74ef4779cd6241e6bc767614290b70bd",
            "region": "RegionOne",
            "tags": []
          },
          "sensitive_attributes": [],
          "private": "bnVsbA==",
          "dependencies": [
            "openstack_identity_project_v3.sp_domain"
          ]
        }
      ]
    },
    {
      "mode": "managed",
      "type": "openstack_identity_project_v3",
      "name": "k8s_tenant",
      "provider": "provider[\"registry.terraform.io/terraform-provider-openstack/openstack\"]",
      "instances": [
        {
          "schema_version": 0,
          "attributes": {
            "description": "Tenant for Charmed Kubernetes",
            "domain_id": "74ef4779cd6241e6bc767614290b70bd",
            "enabled": true,
            "id": "2a46087645bf4dacace6fb9a3da03262",
            "is_domain": false,
            "name": "k8s-customer-0",
            "parent_id": "74ef4779cd6241e6bc767614290b70bd",
            "region": "RegionOne",
            "tags": []
          },
          "sensitive_attributes": [],
          "private": "bnVsbA==",
          "dependencies": [
            "openstack_identity_project_v3.sp_domain"
          ]
        }
      ]
    },
    {
      "mode": "managed",
      "type": "openstack_identity_project_v3",
      "name": "sp_domain",
      "provider": "provider[\"registry.terraform.io/terraform-provider-openstack/openstack\"]",
      "instances": [
        {
          "schema_version": 0,
          "attributes": {
            "description": "Service Provider Domain",
            "domain_id": "",
            "enabled": true,
            "id": "74ef4779cd6241e6bc767614290b70bd",
            "is_domain": true,
            "name": "service-provider",
            "parent_id": "",
            "region": "RegionOne",
            "tags": []
          },
          "sensitive_attributes": [],
          "private": "bnVsbA=="
        }
      ]
    },
    {
      "mode": "managed",
      "type": "openstack_identity_role_assignment_v3",
      "name": "cos_t_admin",
      "provider": "provider[\"registry.terraform.io/terraform-provider-openstack/openstack\"]",
      "instances": [
        {
          "schema_version": 0,
          "attributes": {
            "domain_id": "",
            "group_id": "4b25aa0e52114771a2186289c6c843ec",
            "id": "/424ca959e6e94c7caa1f6d2715485556/4b25aa0e52114771a2186289c6c843ec//60b66f7d851a4c58a5e9b68796840f25",
            "project_id": "424ca959e6e94c7caa1f6d2715485556",
            "region": "RegionOne",
            "role_id": "60b66f7d851a4c58a5e9b68796840f25",
            "user_id": ""
          },
          "sensitive_attributes": [],
          "private": "bnVsbA==",
          "dependencies": [
            "data.openstack_identity_role_v3.admin_role",
            "openstack_identity_group_v3.domain_admins_group",
            "openstack_identity_project_v3.cos_tenant",
            "openstack_identity_project_v3.sp_domain"
          ]
        }
      ]
    },
    {
      "mode": "managed",
      "type": "openstack_identity_role_assignment_v3",
      "name": "engineering_domain_admins_admin",
      "provider": "provider[\"registry.terraform.io/terraform-provider-openstack/openstack\"]",
      "instances": [
        {
          "schema_version": 0,
          "attributes": {
            "domain_id": "74ef4779cd6241e6bc767614290b70bd",
            "group_id": "4b25aa0e52114771a2186289c6c843ec",
            "id": "74ef4779cd6241e6bc767614290b70bd//4b25aa0e52114771a2186289c6c843ec//60b66f7d851a4c58a5e9b68796840f25",
            "project_id": "",
            "region": "RegionOne",
            "role_id": "60b66f7d851a4c58a5e9b68796840f25",
            "user_id": ""
          },
          "sensitive_attributes": [],
          "private": "bnVsbA==",
          "dependencies": [
            "data.openstack_identity_role_v3.admin_role",
            "openstack_identity_group_v3.domain_admins_group",
            "openstack_identity_project_v3.sp_domain"
          ]
        }
      ]
    },
    {
      "mode": "managed",
      "type": "openstack_identity_role_assignment_v3",
      "name": "juju_t_admin",
      "provider": "provider[\"registry.terraform.io/terraform-provider-openstack/openstack\"]",
      "instances": [
        {
          "schema_version": 0,
          "attributes": {
            "domain_id": "",
            "group_id": "4b25aa0e52114771a2186289c6c843ec",
            "id": "/398bb5aa79bf4c7f88648c6dbdfa09d1/4b25aa0e52114771a2186289c6c843ec//60b66f7d851a4c58a5e9b68796840f25",
            "project_id": "398bb5aa79bf4c7f88648c6dbdfa09d1",
            "region": "RegionOne",
            "role_id": "60b66f7d851a4c58a5e9b68796840f25",
            "user_id": ""
          },
          "sensitive_attributes": [],
          "private": "bnVsbA==",
          "dependencies": [
            "data.openstack_identity_role_v3.admin_role",
            "openstack_identity_group_v3.domain_admins_group",
            "openstack_identity_project_v3.juju_tenant",
            "openstack_identity_project_v3.sp_domain"
          ]
        }
      ]
    },
    {
      "mode": "managed",
      "type": "openstack_identity_role_assignment_v3",
      "name": "k8s_t_admin",
      "provider": "provider[\"registry.terraform.io/terraform-provider-openstack/openstack\"]",
      "instances": [
        {
          "schema_version": 0,
          "attributes": {
            "domain_id": "",
            "group_id": "4b25aa0e52114771a2186289c6c843ec",
            "id": "/2a46087645bf4dacace6fb9a3da03262/4b25aa0e52114771a2186289c6c843ec//60b66f7d851a4c58a5e9b68796840f25",
            "project_id": "2a46087645bf4dacace6fb9a3da03262",
            "region": "RegionOne",
            "role_id": "60b66f7d851a4c58a5e9b68796840f25",
            "user_id": ""
          },
          "sensitive_attributes": [],
          "private": "bnVsbA==",
          "dependencies": [
            "data.openstack_identity_role_v3.admin_role",
            "openstack_identity_group_v3.domain_admins_group",
            "openstack_identity_project_v3.k8s_tenant",
            "openstack_identity_project_v3.sp_domain"
          ]
        }
      ]
    },
    {
      "mode": "managed",
      "type": "openstack_identity_user_membership_v3",
      "name": "k8s_tenant_usr",
      "provider": "provider[\"registry.terraform.io/terraform-provider-openstack/openstack\"]",
      "instances": [
        {
          "schema_version": 0,
          "attributes": {
            "group_id": "4b25aa0e52114771a2186289c6c843ec",
            "id": "373e069ce2304dd09c37375e208bb7b3/4b25aa0e52114771a2186289c6c843ec",
            "region": "RegionOne",
            "user_id": "373e069ce2304dd09c37375e208bb7b3"
          },
          "sensitive_attributes": [],
          "private": "bnVsbA==",
          "dependencies": [
            "openstack_identity_group_v3.domain_admins_group",
            "openstack_identity_project_v3.k8s_tenant",
            "openstack_identity_project_v3.sp_domain",
            "openstack_identity_user_v3.k8s_tenant_usr"
          ]
        }
      ]
    },
    {
      "mode": "managed",
      "type": "openstack_identity_user_v3",
      "name": "k8s_tenant_usr",
      "provider": "provider[\"registry.terraform.io/terraform-provider-openstack/openstack\"]",
      "instances": [
        {
          "schema_version": 0,
          "attributes": {
            "default_project_id": "2a46087645bf4dacace6fb9a3da03262",
            "description": "",
            "domain_id": "74ef4779cd6241e6bc767614290b70bd",
            "enabled": true,
            "extra": {},
            "id": "373e069ce2304dd09c37375e208bb7b3",
            "ignore_change_password_upon_first_use": true,
            "ignore_lockout_failure_attempts": null,
            "ignore_password_expiry": null,
            "multi_factor_auth_enabled": false,
            "multi_factor_auth_rule": [],
            "name": "k8s-tenant-usr",
            "password": "k8s-tenant-usr",
            "region": "RegionOne"
          },
          "sensitive_attributes": [],
          "private": "bnVsbA==",
          "dependencies": [
            "openstack_identity_project_v3.k8s_tenant",
            "openstack_identity_project_v3.sp_domain"
          ]
        }
      ]
    },
    {
      "mode": "managed",
      "type": "openstack_networking_network_v2",
      "name": "cos_t_net",
      "provider": "provider[\"registry.terraform.io/terraform-provider-openstack/openstack\"]",
      "instances": [
        {
          "schema_version": 0,
          "attributes": {
            "admin_state_up": true,
            "all_tags": [],
            "availability_zone_hints": [],
            "description": "",
            "dns_domain": "",
            "external": false,
            "id": "ab5671dc-4449-4428-87bf-b6e0d6eb05f4",
            "mtu": 1364,
            "name": "cos-net-0",
            "port_security_enabled": true,
            "qos_policy_id": "",
            "region": "RegionOne",
            "segments": [
              {
                "network_type": "geneve",
                "physical_network": "",
                "segmentation_id": 1931
              }
            ],
            "shared": false,
            "tags": [],
            "tenant_id": "424ca959e6e94c7caa1f6d2715485556",
            "timeouts": null,
            "transparent_vlan": false,
            "value_specs": null
          },
          "sensitive_attributes": [],
          "private": "eyJlMmJmYjczMC1lY2FhLTExZTYtOGY4OC0zNDM2M2JjN2M0YzAiOnsiY3JlYXRlIjo2MDAwMDAwMDAwMDAsImRlbGV0ZSI6NjAwMDAwMDAwMDAwfX0=",
          "dependencies": [
            "openstack_identity_project_v3.cos_tenant",
            "openstack_identity_project_v3.sp_domain"
          ]
        }
      ]
    },
    {
      "mode": "managed",
      "type": "openstack_networking_network_v2",
      "name": "juju_t_net",
      "provider": "provider[\"registry.terraform.io/terraform-provider-openstack/openstack\"]",
      "instances": [
        {
          "schema_version": 0,
          "attributes": {
            "admin_state_up": true,
            "all_tags": [],
            "availability_zone_hints": [],
            "description": "",
            "dns_domain": "",
            "external": false,
            "id": "73134ebe-8849-43c4-b0cb-13b0fabd2624",
            "mtu": 1364,
            "name": "juju-net-0",
            "port_security_enabled": true,
            "qos_policy_id": "",
            "region": "RegionOne",
            "segments": [
              {
                "network_type": "geneve",
                "physical_network": "",
                "segmentation_id": 1353
              }
            ],
            "shared": false,
            "tags": [],
            "tenant_id": "398bb5aa79bf4c7f88648c6dbdfa09d1",
            "timeouts": null,
            "transparent_vlan": false,
            "value_specs": null
          },
          "sensitive_attributes": [],
          "private": "eyJlMmJmYjczMC1lY2FhLTExZTYtOGY4OC0zNDM2M2JjN2M0YzAiOnsiY3JlYXRlIjo2MDAwMDAwMDAwMDAsImRlbGV0ZSI6NjAwMDAwMDAwMDAwfX0=",
          "dependencies": [
            "openstack_identity_project_v3.juju_tenant",
            "openstack_identity_project_v3.sp_domain"
          ]
        }
      ]
    },
    {
      "mode": "managed",
      "type": "openstack_networking_network_v2",
      "name": "k8s_t_net",
      "provider": "provider[\"registry.terraform.io/terraform-provider-openstack/openstack\"]",
      "instances": [
        {
          "schema_version": 0,
          "attributes": {
            "admin_state_up": true,
            "all_tags": [],
            "availability_zone_hints": [],
            "description": "",
            "dns_domain": "",
            "external": false,
            "id": "e7b9785f-49b0-467d-a6eb-41a106f1e98c",
            "mtu": 1364,
            "name": "k8s-net-0",
            "port_security_enabled": true,
            "qos_policy_id": "",
            "region": "RegionOne",
            "segments": [
              {
                "network_type": "geneve",
                "physical_network": "",
                "segmentation_id": 1298
              }
            ],
            "shared": false,
            "tags": [],
            "tenant_id": "2a46087645bf4dacace6fb9a3da03262",
            "timeouts": null,
            "transparent_vlan": false,
            "value_specs": null
          },
          "sensitive_attributes": [],
          "private": "eyJlMmJmYjczMC1lY2FhLTExZTYtOGY4OC0zNDM2M2JjN2M0YzAiOnsiY3JlYXRlIjo2MDAwMDAwMDAwMDAsImRlbGV0ZSI6NjAwMDAwMDAwMDAwfX0=",
          "dependencies": [
            "openstack_identity_project_v3.k8s_tenant",
            "openstack_identity_project_v3.sp_domain"
          ]
        }
      ]
    },
    {
      "mode": "managed",
      "type": "openstack_networking_quota_v2",
      "name": "development-project-quota",
      "provider": "provider[\"registry.terraform.io/terraform-provider-openstack/openstack\"]",
      "instances": [
        {
          "schema_version": 0,
          "attributes": {
            "floatingip": 3,
            "id": "398bb5aa79bf4c7f88648c6dbdfa09d1/RegionOne",
            "network": 1,
            "port": 100,
            "project_id": "398bb5aa79bf4c7f88648c6dbdfa09d1",
            "rbac_policy": 10,
            "region": "RegionOne",
            "router": 4,
            "security_group": 200,
            "security_group_rule": 300,
            "subnet": 8,
            "subnetpool": 2,
            "timeouts": null
          },
          "sensitive_attributes": [],
          "private": "eyJlMmJmYjczMC1lY2FhLTExZTYtOGY4OC0zNDM2M2JjN2M0YzAiOnsiY3JlYXRlIjo2MDAwMDAwMDAwMDAsImRlbGV0ZSI6NjAwMDAwMDAwMDAwLCJ1cGRhdGUiOjYwMDAwMDAwMDAwMH19",
          "dependencies": [
            "openstack_identity_project_v3.juju_tenant",
            "openstack_identity_project_v3.sp_domain"
          ]
        }
      ]
    },
    {
      "mode": "managed",
      "type": "openstack_networking_router_interface_v2",
      "name": "cos_t_router_tiface",
      "provider": "provider[\"registry.terraform.io/terraform-provider-openstack/openstack\"]",
      "instances": [
        {
          "schema_version": 0,
          "attributes": {
            "force_destroy": false,
            "id": "f016c716-a9d9-4077-8873-76147bb2ef09",
            "port_id": "f016c716-a9d9-4077-8873-76147bb2ef09",
            "region": "RegionOne",
            "router_id": "2efa2eb1-3f8a-452d-a569-c5962481103f",
            "subnet_id": "79b75698-3e41-4caf-af8e-3484a388ca85",
            "timeouts": null
          },
          "sensitive_attributes": [],
          "private": "eyJlMmJmYjczMC1lY2FhLTExZTYtOGY4OC0zNDM2M2JjN2M0YzAiOnsiY3JlYXRlIjo2MDAwMDAwMDAwMDAsImRlbGV0ZSI6NjAwMDAwMDAwMDAwfX0=",
          "dependencies": [
            "data.openstack_identity_project_v3.admin_tenant",
            "data.openstack_networking_network_v2.provider_net",
            "openstack_identity_project_v3.cos_tenant",
            "openstack_identity_project_v3.juju_tenant",
            "openstack_identity_project_v3.sp_domain",
            "openstack_networking_network_v2.cos_t_net",
            "openstack_networking_router_v2.cos_t_router",
            "openstack_networking_subnet_v2.cos_t_subnet"
          ]
        }
      ]
    },
    {
      "mode": "managed",
      "type": "openstack_networking_router_interface_v2",
      "name": "juju_t_router_tiface",
      "provider": "provider[\"registry.terraform.io/terraform-provider-openstack/openstack\"]",
      "instances": [
        {
          "schema_version": 0,
          "attributes": {
            "force_destroy": false,
            "id": "de49b8d4-32b6-494c-9473-ed80bbef6d42",
            "port_id": "de49b8d4-32b6-494c-9473-ed80bbef6d42",
            "region": "RegionOne",
            "router_id": "910aa821-e6f8-43a7-9392-bbc33a7cb0dd",
            "subnet_id": "dd607c64-bc3f-4585-9e32-3efd1d95ec1e",
            "timeouts": null
          },
          "sensitive_attributes": [],
          "private": "eyJlMmJmYjczMC1lY2FhLTExZTYtOGY4OC0zNDM2M2JjN2M0YzAiOnsiY3JlYXRlIjo2MDAwMDAwMDAwMDAsImRlbGV0ZSI6NjAwMDAwMDAwMDAwfX0=",
          "dependencies": [
            "data.openstack_identity_project_v3.admin_tenant",
            "data.openstack_networking_network_v2.provider_net",
            "openstack_identity_project_v3.juju_tenant",
            "openstack_identity_project_v3.sp_domain",
            "openstack_networking_network_v2.juju_t_net",
            "openstack_networking_router_v2.juju_t_router",
            "openstack_networking_subnet_v2.juju_t_subnet"
          ]
        }
      ]
    },
    {
      "mode": "managed",
      "type": "openstack_networking_router_interface_v2",
      "name": "k8s_t_router_tiface",
      "provider": "provider[\"registry.terraform.io/terraform-provider-openstack/openstack\"]",
      "instances": [
        {
          "schema_version": 0,
          "attributes": {
            "force_destroy": false,
            "id": "672a90fd-e213-4f9d-bceb-645537abf82b",
            "port_id": "672a90fd-e213-4f9d-bceb-645537abf82b",
            "region": "RegionOne",
            "router_id": "8bc3ef42-c4db-49e5-bac1-a5139d79c4b3",
            "subnet_id": "2974e264-f7e5-48dc-87c5-4297eaf40d1f",
            "timeouts": null
          },
          "sensitive_attributes": [],
          "private": "eyJlMmJmYjczMC1lY2FhLTExZTYtOGY4OC0zNDM2M2JjN2M0YzAiOnsiY3JlYXRlIjo2MDAwMDAwMDAwMDAsImRlbGV0ZSI6NjAwMDAwMDAwMDAwfX0=",
          "dependencies": [
            "data.openstack_identity_project_v3.admin_tenant",
            "data.openstack_networking_network_v2.provider_net",
            "openstack_identity_project_v3.k8s_tenant",
            "openstack_identity_project_v3.sp_domain",
            "openstack_networking_network_v2.k8s_t_net",
            "openstack_networking_router_v2.k8s_t_router",
            "openstack_networking_subnet_v2.k8s_t_subnet"
          ]
        }
      ]
    },
    {
      "mode": "managed",
      "type": "openstack_networking_router_v2",
      "name": "cos_t_router",
      "provider": "provider[\"registry.terraform.io/terraform-provider-openstack/openstack\"]",
      "instances": [
        {
          "schema_version": 0,
          "attributes": {
            "admin_state_up": true,
            "all_tags": [],
            "availability_zone_hints": [],
            "description": "",
            "distributed": false,
            "enable_snat": true,
            "external_fixed_ip": [
              {
                "ip_address": "172.27.62.92",
                "subnet_id": "82709909-7d26-4444-90d1-3b6215394794"
              }
            ],
            "external_gateway": "85f3153b-7f95-4a68-a835-62fed2f39aac",
            "external_network_id": "85f3153b-7f95-4a68-a835-62fed2f39aac",
            "external_subnet_ids": null,
            "id": "2efa2eb1-3f8a-452d-a569-c5962481103f",
            "name": "cos-net-r0",
            "region": "RegionOne",
            "tags": [],
            "tenant_id": "424ca959e6e94c7caa1f6d2715485556",
            "timeouts": null,
            "value_specs": null,
            "vendor_options": []
          },
          "sensitive_attributes": [],
          "private": "eyJlMmJmYjczMC1lY2FhLTExZTYtOGY4OC0zNDM2M2JjN2M0YzAiOnsiY3JlYXRlIjo2MDAwMDAwMDAwMDAsImRlbGV0ZSI6NjAwMDAwMDAwMDAwfX0=",
          "dependencies": [
            "data.openstack_identity_project_v3.admin_tenant",
            "data.openstack_networking_network_v2.provider_net",
            "openstack_identity_project_v3.cos_tenant",
            "openstack_identity_project_v3.sp_domain"
          ]
        }
      ]
    },
    {
      "mode": "managed",
      "type": "openstack_networking_router_v2",
      "name": "juju_t_router",
      "provider": "provider[\"registry.terraform.io/terraform-provider-openstack/openstack\"]",
      "instances": [
        {
          "schema_version": 0,
          "attributes": {
            "admin_state_up": true,
            "all_tags": [],
            "availability_zone_hints": [],
            "description": "",
            "distributed": false,
            "enable_snat": true,
            "external_fixed_ip": [
              {
                "ip_address": "172.27.62.122",
                "subnet_id": "82709909-7d26-4444-90d1-3b6215394794"
              }
            ],
            "external_gateway": "85f3153b-7f95-4a68-a835-62fed2f39aac",
            "external_network_id": "85f3153b-7f95-4a68-a835-62fed2f39aac",
            "external_subnet_ids": null,
            "id": "910aa821-e6f8-43a7-9392-bbc33a7cb0dd",
            "name": "juju-net-r0",
            "region": "RegionOne",
            "tags": [],
            "tenant_id": "398bb5aa79bf4c7f88648c6dbdfa09d1",
            "timeouts": null,
            "value_specs": null,
            "vendor_options": []
          },
          "sensitive_attributes": [],
          "private": "eyJlMmJmYjczMC1lY2FhLTExZTYtOGY4OC0zNDM2M2JjN2M0YzAiOnsiY3JlYXRlIjo2MDAwMDAwMDAwMDAsImRlbGV0ZSI6NjAwMDAwMDAwMDAwfX0=",
          "dependencies": [
            "data.openstack_identity_project_v3.admin_tenant",
            "data.openstack_networking_network_v2.provider_net",
            "openstack_identity_project_v3.juju_tenant",
            "openstack_identity_project_v3.sp_domain"
          ]
        }
      ]
    },
    {
      "mode": "managed",
      "type": "openstack_networking_router_v2",
      "name": "k8s_t_router",
      "provider": "provider[\"registry.terraform.io/terraform-provider-openstack/openstack\"]",
      "instances": [
        {
          "schema_version": 0,
          "attributes": {
            "admin_state_up": true,
            "all_tags": [],
            "availability_zone_hints": [],
            "description": "",
            "distributed": false,
            "enable_snat": true,
            "external_fixed_ip": [
              {
                "ip_address": "172.27.63.69",
                "subnet_id": "82709909-7d26-4444-90d1-3b6215394794"
              }
            ],
            "external_gateway": "85f3153b-7f95-4a68-a835-62fed2f39aac",
            "external_network_id": "85f3153b-7f95-4a68-a835-62fed2f39aac",
            "external_subnet_ids": null,
            "id": "8bc3ef42-c4db-49e5-bac1-a5139d79c4b3",
            "name": "k8s-net-r0",
            "region": "RegionOne",
            "tags": [],
            "tenant_id": "2a46087645bf4dacace6fb9a3da03262",
            "timeouts": null,
            "value_specs": null,
            "vendor_options": []
          },
          "sensitive_attributes": [],
          "private": "eyJlMmJmYjczMC1lY2FhLTExZTYtOGY4OC0zNDM2M2JjN2M0YzAiOnsiY3JlYXRlIjo2MDAwMDAwMDAwMDAsImRlbGV0ZSI6NjAwMDAwMDAwMDAwfX0=",
          "dependencies": [
            "data.openstack_identity_project_v3.admin_tenant",
            "data.openstack_networking_network_v2.provider_net",
            "openstack_identity_project_v3.k8s_tenant",
            "openstack_identity_project_v3.sp_domain"
          ]
        }
      ]
    },
    {
      "mode": "managed",
      "type": "openstack_networking_secgroup_rule_v2",
      "name": "cos_jumphost_servers_secgroup_rule",
      "provider": "provider[\"registry.terraform.io/terraform-provider-openstack/openstack\"]",
      "instances": [
        {
          "schema_version": 0,
          "attributes": {
            "description": "",
            "direction": "ingress",
            "ethertype": "IPv4",
            "id": "b242a26a-f1b3-4381-820e-c176509df0dd",
            "port_range_max": 22,
            "port_range_min": 22,
            "protocol": "tcp",
            "region": "RegionOne",
            "remote_group_id": "",
            "remote_ip_prefix": "0.0.0.0/0",
            "security_group_id": "6c102a56-125c-4a39-8094-2208b5c4e967",
            "tenant_id": "8314f703110c4902a5154cd4659abc07",
            "timeouts": null
          },
          "sensitive_attributes": [],
          "private": "eyJlMmJmYjczMC1lY2FhLTExZTYtOGY4OC0zNDM2M2JjN2M0YzAiOnsiZGVsZXRlIjo2MDAwMDAwMDAwMDB9fQ==",
          "dependencies": [
            "openstack_identity_project_v3.cos_tenant",
            "openstack_identity_project_v3.sp_domain",
            "openstack_networking_secgroup_v2.cos_jumphost_servers_secgroup"
          ]
        }
      ]
    },
    {
      "mode": "managed",
      "type": "openstack_networking_secgroup_rule_v2",
      "name": "juju_jumphost_servers_secgroup_rule",
      "provider": "provider[\"registry.terraform.io/terraform-provider-openstack/openstack\"]",
      "instances": [
        {
          "schema_version": 0,
          "attributes": {
            "description": "",
            "direction": "ingress",
            "ethertype": "IPv4",
            "id": "052ae7e7-e6fb-48bc-92e8-c6184ea2dfa4",
            "port_range_max": 22,
            "port_range_min": 22,
            "protocol": "tcp",
            "region": "RegionOne",
            "remote_group_id": "",
            "remote_ip_prefix": "0.0.0.0/0",
            "security_group_id": "60f27a78-9628-41b7-98f5-09c6a45518c3",
            "tenant_id": "8314f703110c4902a5154cd4659abc07",
            "timeouts": null
          },
          "sensitive_attributes": [],
          "private": "eyJlMmJmYjczMC1lY2FhLTExZTYtOGY4OC0zNDM2M2JjN2M0YzAiOnsiZGVsZXRlIjo2MDAwMDAwMDAwMDB9fQ==",
          "dependencies": [
            "openstack_identity_project_v3.juju_tenant",
            "openstack_identity_project_v3.sp_domain",
            "openstack_networking_secgroup_v2.juju_jumphost_servers_secgroup"
          ]
        }
      ]
    },
    {
      "mode": "managed",
      "type": "openstack_networking_secgroup_rule_v2",
      "name": "k8s_jumphost_servers_secgroup_rule",
      "provider": "provider[\"registry.terraform.io/terraform-provider-openstack/openstack\"]",
      "instances": [
        {
          "schema_version": 0,
          "attributes": {
            "description": "",
            "direction": "ingress",
            "ethertype": "IPv4",
            "id": "a59ff1cc-6f3f-4328-8b85-cea323c917b3",
            "port_range_max": 22,
            "port_range_min": 22,
            "protocol": "tcp",
            "region": "RegionOne",
            "remote_group_id": "",
            "remote_ip_prefix": "0.0.0.0/0",
            "security_group_id": "69bdbe53-1ef5-40a2-9358-b7733bdc08a9",
            "tenant_id": "8314f703110c4902a5154cd4659abc07",
            "timeouts": null
          },
          "sensitive_attributes": [],
          "private": "eyJlMmJmYjczMC1lY2FhLTExZTYtOGY4OC0zNDM2M2JjN2M0YzAiOnsiZGVsZXRlIjo2MDAwMDAwMDAwMDB9fQ==",
          "dependencies": [
            "openstack_identity_project_v3.k8s_tenant",
            "openstack_identity_project_v3.sp_domain",
            "openstack_networking_secgroup_v2.k8s_jumphost_servers_secgroup"
          ]
        }
      ]
    },
    {
      "mode": "managed",
      "type": "openstack_networking_secgroup_v2",
      "name": "cos_jumphost_servers_secgroup",
      "provider": "provider[\"registry.terraform.io/terraform-provider-openstack/openstack\"]",
      "instances": [
        {
          "schema_version": 0,
          "attributes": {
            "all_tags": [],
            "delete_default_rules": null,
            "description": "Security group allowing traffic to Jumphost servers",
            "id": "6c102a56-125c-4a39-8094-2208b5c4e967",
            "name": "Jumphost servers",
            "region": "RegionOne",
            "tags": [],
            "tenant_id": "424ca959e6e94c7caa1f6d2715485556",
            "timeouts": null
          },
          "sensitive_attributes": [],
          "private": "eyJlMmJmYjczMC1lY2FhLTExZTYtOGY4OC0zNDM2M2JjN2M0YzAiOnsiZGVsZXRlIjo2MDAwMDAwMDAwMDB9fQ==",
          "dependencies": [
            "openstack_identity_project_v3.cos_tenant",
            "openstack_identity_project_v3.sp_domain"
          ]
        }
      ]
    },
    {
      "mode": "managed",
      "type": "openstack_networking_secgroup_v2",
      "name": "juju_jumphost_servers_secgroup",
      "provider": "provider[\"registry.terraform.io/terraform-provider-openstack/openstack\"]",
      "instances": [
        {
          "schema_version": 0,
          "attributes": {
            "all_tags": [],
            "delete_default_rules": null,
            "description": "Security group allowing traffic to Jumphost servers",
            "id": "60f27a78-9628-41b7-98f5-09c6a45518c3",
            "name": "Jumphost servers",
            "region": "RegionOne",
            "tags": [],
            "tenant_id": "398bb5aa79bf4c7f88648c6dbdfa09d1",
            "timeouts": null
          },
          "sensitive_attributes": [],
          "private": "eyJlMmJmYjczMC1lY2FhLTExZTYtOGY4OC0zNDM2M2JjN2M0YzAiOnsiZGVsZXRlIjo2MDAwMDAwMDAwMDB9fQ==",
          "dependencies": [
            "openstack_identity_project_v3.juju_tenant",
            "openstack_identity_project_v3.sp_domain"
          ]
        }
      ]
    },
    {
      "mode": "managed",
      "type": "openstack_networking_secgroup_v2",
      "name": "k8s_jumphost_servers_secgroup",
      "provider": "provider[\"registry.terraform.io/terraform-provider-openstack/openstack\"]",
      "instances": [
        {
          "schema_version": 0,
          "attributes": {
            "all_tags": [],
            "delete_default_rules": null,
            "description": "Security group allowing traffic to Jumphost servers",
            "id": "69bdbe53-1ef5-40a2-9358-b7733bdc08a9",
            "name": "Jumphost servers",
            "region": "RegionOne",
            "tags": [],
            "tenant_id": "2a46087645bf4dacace6fb9a3da03262",
            "timeouts": null
          },
          "sensitive_attributes": [],
          "private": "eyJlMmJmYjczMC1lY2FhLTExZTYtOGY4OC0zNDM2M2JjN2M0YzAiOnsiZGVsZXRlIjo2MDAwMDAwMDAwMDB9fQ==",
          "dependencies": [
            "openstack_identity_project_v3.k8s_tenant",
            "openstack_identity_project_v3.sp_domain"
          ]
        }
      ]
    },
    {
      "mode": "managed",
      "type": "openstack_networking_subnet_v2",
      "name": "cos_t_subnet",
      "provider": "provider[\"registry.terraform.io/terraform-provider-openstack/openstack\"]",
      "instances": [
        {
          "schema_version": 0,
          "attributes": {
            "all_tags": [],
            "allocation_pool": [
              {
                "end": "172.18.1.254",
                "start": "172.18.1.10"
              }
            ],
            "allocation_pools": [
              {
                "end": "172.18.1.254",
                "start": "172.18.1.10"
              }
            ],
            "cidr": "172.18.1.0/24",
            "description": "",
            "dns_nameservers": [],
            "enable_dhcp": true,
            "gateway_ip": "172.18.1.1",
            "host_routes": [],
            "id": "79b75698-3e41-4caf-af8e-3484a388ca85",
            "ip_version": 4,
            "ipv6_address_mode": "",
            "ipv6_ra_mode": "",
            "name": "",
            "network_id": "ab5671dc-4449-4428-87bf-b6e0d6eb05f4",
            "no_gateway": false,
            "prefix_length": null,
            "region": "RegionOne",
            "service_types": [],
            "subnetpool_id": "",
            "tags": [],
            "tenant_id": "398bb5aa79bf4c7f88648c6dbdfa09d1",
            "timeouts": null,
            "value_specs": null
          },
          "sensitive_attributes": [],
          "private": "eyJlMmJmYjczMC1lY2FhLTExZTYtOGY4OC0zNDM2M2JjN2M0YzAiOnsiY3JlYXRlIjo2MDAwMDAwMDAwMDAsImRlbGV0ZSI6NjAwMDAwMDAwMDAwfX0=",
          "dependencies": [
            "openstack_identity_project_v3.cos_tenant",
            "openstack_identity_project_v3.juju_tenant",
            "openstack_identity_project_v3.sp_domain",
            "openstack_networking_network_v2.cos_t_net"
          ]
        }
      ]
    },
    {
      "mode": "managed",
      "type": "openstack_networking_subnet_v2",
      "name": "juju_t_subnet",
      "provider": "provider[\"registry.terraform.io/terraform-provider-openstack/openstack\"]",
      "instances": [
        {
          "schema_version": 0,
          "attributes": {
            "all_tags": [],
            "allocation_pool": [
              {
                "end": "172.18.1.254",
                "start": "172.18.1.10"
              }
            ],
            "allocation_pools": [
              {
                "end": "172.18.1.254",
                "start": "172.18.1.10"
              }
            ],
            "cidr": "172.18.1.0/24",
            "description": "",
            "dns_nameservers": [],
            "enable_dhcp": true,
            "gateway_ip": "172.18.1.1",
            "host_routes": [],
            "id": "dd607c64-bc3f-4585-9e32-3efd1d95ec1e",
            "ip_version": 4,
            "ipv6_address_mode": "",
            "ipv6_ra_mode": "",
            "name": "",
            "network_id": "73134ebe-8849-43c4-b0cb-13b0fabd2624",
            "no_gateway": false,
            "prefix_length": null,
            "region": "RegionOne",
            "service_types": [],
            "subnetpool_id": "",
            "tags": [],
            "tenant_id": "398bb5aa79bf4c7f88648c6dbdfa09d1",
            "timeouts": null,
            "value_specs": null
          },
          "sensitive_attributes": [],
          "private": "eyJlMmJmYjczMC1lY2FhLTExZTYtOGY4OC0zNDM2M2JjN2M0YzAiOnsiY3JlYXRlIjo2MDAwMDAwMDAwMDAsImRlbGV0ZSI6NjAwMDAwMDAwMDAwfX0=",
          "dependencies": [
            "openstack_identity_project_v3.juju_tenant",
            "openstack_identity_project_v3.sp_domain",
            "openstack_networking_network_v2.juju_t_net"
          ]
        }
      ]
    },
    {
      "mode": "managed",
      "type": "openstack_networking_subnet_v2",
      "name": "k8s_t_subnet",
      "provider": "provider[\"registry.terraform.io/terraform-provider-openstack/openstack\"]",
      "instances": [
        {
          "schema_version": 0,
          "attributes": {
            "all_tags": [],
            "allocation_pool": [
              {
                "end": "172.18.1.254",
                "start": "172.18.1.10"
              }
            ],
            "allocation_pools": [
              {
                "end": "172.18.1.254",
                "start": "172.18.1.10"
              }
            ],
            "cidr": "172.18.1.0/24",
            "description": "",
            "dns_nameservers": [],
            "enable_dhcp": true,
            "gateway_ip": "172.18.1.1",
            "host_routes": [],
            "id": "2974e264-f7e5-48dc-87c5-4297eaf40d1f",
            "ip_version": 4,
            "ipv6_address_mode": "",
            "ipv6_ra_mode": "",
            "name": "",
            "network_id": "e7b9785f-49b0-467d-a6eb-41a106f1e98c",
            "no_gateway": false,
            "prefix_length": null,
            "region": "RegionOne",
            "service_types": [],
            "subnetpool_id": "",
            "tags": [],
            "tenant_id": "2a46087645bf4dacace6fb9a3da03262",
            "timeouts": null,
            "value_specs": null
          },
          "sensitive_attributes": [],
          "private": "eyJlMmJmYjczMC1lY2FhLTExZTYtOGY4OC0zNDM2M2JjN2M0YzAiOnsiY3JlYXRlIjo2MDAwMDAwMDAwMDAsImRlbGV0ZSI6NjAwMDAwMDAwMDAwfX0=",
          "dependencies": [
            "openstack_identity_project_v3.k8s_tenant",
            "openstack_identity_project_v3.sp_domain",
            "openstack_networking_network_v2.k8s_t_net"
          ]
        }
      ]
    }
  ],
  "check_results": null
}
